PODS:
  - Nimble (7.0.2)
  - NumericPicker (0.4.1)
  - Quick (1.2.0)

DEPENDENCIES:
  - Nimble
  - NumericPicker (from `../`)
  - Quick

EXTERNAL SOURCES:
  NumericPicker:
    :path: ../

SPEC CHECKSUMS:
  Nimble: bfe1f814edabba69ff145cb1283e04ed636a67f2
  NumericPicker: ef83772713124f971831dabf48a7b4cb27f2e9e9
  Quick: 58d203b1c5e27fff7229c4c1ae445ad7069a7a08

PODFILE CHECKSUM: d40757e8615782e9a960324317ee5698eea85724

COCOAPODS: 1.3.1
