PODS:
  - Nimble (5.1.1)
  - NumericPicker (0.1.0)
  - Quick (1.0.0)

DEPENDENCIES:
  - Nimble (~> 5.1.1)
  - NumericPicker (from `../`)
  - Quick (~> 1.0.0)

EXTERNAL SOURCES:
  NumericPicker:
    :path: "../"

SPEC CHECKSUMS:
  Nimble: 415e3aa3267e7bc2c96b05fa814ddea7bb686a29
  NumericPicker: 262d7e76d5a098487700980bb8feb84774fdda3f
  Quick: 8024e4a47e6cc03a9d5245ef0948264fc6d27cff

PODFILE CHECKSUM: aafd8be7aa0e99ed70ce71db992c826d2622d0f3

COCOAPODS: 1.2.0
